
Microsoft Visual Studio Solution File, Format Version 12.00
# Visual Studio Version 18
VisualStudioVersion = 18.1.11312.151
MinimumVisualStudioVersion = 10.0.40219.1
Project("{FAE04EC0-301F-11D3-BF4B-00C04F79EFBC}") = "KleeneStar", "KleeneStar\KleeneStar.csproj", "{778FEE26-6CA5-464E-8305-5E2D92BDAD14}"
EndProject
Project("{FAE04EC0-301F-11D3-BF4B-00C04F79EFBC}") = "KleeneStar.Core", "..\..\KleeneStar.Core\src\KleeneStar.Core\KleeneStar.Core.csproj", "{92D2CADF-234A-8D4A-BE2A-60D478F00E3C}"
EndProject
Project("{FAE04EC0-301F-11D3-BF4B-00C04F79EFBC}") = "KleeneStar.Core.Test", "..\..\KleeneStar.Core\src\KleeneStar.Core.Test\KleeneStar.Core.Test.csproj", "{4AB6E605-68BB-D8CA-7E92-0753F90A93A6}"
EndProject
Project("{FAE04EC0-301F-11D3-BF4B-00C04F79EFBC}") = "KleeneStar.Model", "..\..\KleeneStar.Model\src\KleeneStar.Model\KleeneStar.Model.csproj", "{DF33225A-EF75-04FC-A41D-ED6C546912FD}"
EndProject
Project("{FAE04EC0-301F-11D3-BF4B-00C04F79EFBC}") = "Kleenestar.Model.Test", "..\..\KleeneStar.Model\src\Kleenestar.Model.Test\Kleenestar.Model.Test.csproj", "{41CC36C2-2F67-AF25-737C-8D1A023E6DE9}"
EndProject
Project("{FAE04EC0-301F-11D3-BF4B-00C04F79EFBC}") = "KleeneStar.Model.Sqlite", "..\..\KleeneStar.Model\src\KleeneStar.Model.Sqlite\KleeneStar.Model.Sqlite.csproj", "{D00DBF2A-5500-88EF-1405-C92EB592EE44}"
EndProject
Global
	GlobalSection(SolutionConfigurationPlatforms) = preSolution
		Debug|Any CPU = Debug|Any CPU
		Debug|x64 = Debug|x64
		Debug|x86 = Debug|x86
		DebugLocal|Any CPU = DebugLocal|Any CPU
		DebugLocal|x64 = DebugLocal|x64
		DebugLocal|x86 = DebugLocal|x86
		Release|Any CPU = Release|Any CPU
		Release|x64 = Release|x64
		Release|x86 = Release|x86
	EndGlobalSection
	GlobalSection(ProjectConfigurationPlatforms) = postSolution
		{778FEE26-6CA5-464E-8305-5E2D92BDAD14}.Debug|Any CPU.ActiveCfg = Debug|Any CPU
		{778FEE26-6CA5-464E-8305-5E2D92BDAD14}.Debug|Any CPU.Build.0 = Debug|Any CPU
		{778FEE26-6CA5-464E-8305-5E2D92BDAD14}.Debug|x64.ActiveCfg = Debug|Any CPU
		{778FEE26-6CA5-464E-8305-5E2D92BDAD14}.Debug|x64.Build.0 = Debug|Any CPU
		{778FEE26-6CA5-464E-8305-5E2D92BDAD14}.Debug|x86.ActiveCfg = Debug|Any CPU
		{778FEE26-6CA5-464E-8305-5E2D92BDAD14}.Debug|x86.Build.0 = Debug|Any CPU
		{778FEE26-6CA5-464E-8305-5E2D92BDAD14}.DebugLocal|Any CPU.ActiveCfg = DebugLocal|Any CPU
		{778FEE26-6CA5-464E-8305-5E2D92BDAD14}.DebugLocal|Any CPU.Build.0 = DebugLocal|Any CPU
		{778FEE26-6CA5-464E-8305-5E2D92BDAD14}.DebugLocal|x64.ActiveCfg = DebugLocal|Any CPU
		{778FEE26-6CA5-464E-8305-5E2D92BDAD14}.DebugLocal|x64.Build.0 = DebugLocal|Any CPU
		{778FEE26-6CA5-464E-8305-5E2D92BDAD14}.DebugLocal|x86.ActiveCfg = DebugLocal|Any CPU
		{778FEE26-6CA5-464E-8305-5E2D92BDAD14}.DebugLocal|x86.Build.0 = DebugLocal|Any CPU
		{778FEE26-6CA5-464E-8305-5E2D92BDAD14}.Release|Any CPU.ActiveCfg = Release|Any CPU
		{778FEE26-6CA5-464E-8305-5E2D92BDAD14}.Release|Any CPU.Build.0 = Release|Any CPU
		{778FEE26-6CA5-464E-8305-5E2D92BDAD14}.Release|x64.ActiveCfg = Release|Any CPU
		{778FEE26-6CA5-464E-8305-5E2D92BDAD14}.Release|x64.Build.0 = Release|Any CPU
		{778FEE26-6CA5-464E-8305-5E2D92BDAD14}.Release|x86.ActiveCfg = Release|Any CPU
		{778FEE26-6CA5-464E-8305-5E2D92BDAD14}.Release|x86.Build.0 = Release|Any CPU
		{92D2CADF-234A-8D4A-BE2A-60D478F00E3C}.Debug|Any CPU.ActiveCfg = Debug|Any CPU
		{92D2CADF-234A-8D4A-BE2A-60D478F00E3C}.Debug|Any CPU.Build.0 = Debug|Any CPU
		{92D2CADF-234A-8D4A-BE2A-60D478F00E3C}.Debug|x64.ActiveCfg = Debug|Any CPU
		{92D2CADF-234A-8D4A-BE2A-60D478F00E3C}.Debug|x64.Build.0 = Debug|Any CPU
		{92D2CADF-234A-8D4A-BE2A-60D478F00E3C}.Debug|x86.ActiveCfg = Debug|Any CPU
		{92D2CADF-234A-8D4A-BE2A-60D478F00E3C}.Debug|x86.Build.0 = Debug|Any CPU
		{92D2CADF-234A-8D4A-BE2A-60D478F00E3C}.DebugLocal|Any CPU.ActiveCfg = Debug|Any CPU
		{92D2CADF-234A-8D4A-BE2A-60D478F00E3C}.DebugLocal|Any CPU.Build.0 = Debug|Any CPU
		{92D2CADF-234A-8D4A-BE2A-60D478F00E3C}.DebugLocal|x64.ActiveCfg = Debug|Any CPU
		{92D2CADF-234A-8D4A-BE2A-60D478F00E3C}.DebugLocal|x64.Build.0 = Debug|Any CPU
		{92D2CADF-234A-8D4A-BE2A-60D478F00E3C}.DebugLocal|x86.ActiveCfg = Debug|Any CPU
		{92D2CADF-234A-8D4A-BE2A-60D478F00E3C}.DebugLocal|x86.Build.0 = Debug|Any CPU
		{92D2CADF-234A-8D4A-BE2A-60D478F00E3C}.Release|Any CPU.ActiveCfg = Release|Any CPU
		{92D2CADF-234A-8D4A-BE2A-60D478F00E3C}.Release|Any CPU.Build.0 = Release|Any CPU
		{92D2CADF-234A-8D4A-BE2A-60D478F00E3C}.Release|x64.ActiveCfg = Release|Any CPU
		{92D2CADF-234A-8D4A-BE2A-60D478F00E3C}.Release|x64.Build.0 = Release|Any CPU
		{92D2CADF-234A-8D4A-BE2A-60D478F00E3C}.Release|x86.ActiveCfg = Release|Any CPU
		{92D2CADF-234A-8D4A-BE2A-60D478F00E3C}.Release|x86.Build.0 = Release|Any CPU
		{4AB6E605-68BB-D8CA-7E92-0753F90A93A6}.Debug|Any CPU.ActiveCfg = Debug|Any CPU
		{4AB6E605-68BB-D8CA-7E92-0753F90A93A6}.Debug|Any CPU.Build.0 = Debug|Any CPU
		{4AB6E605-68BB-D8CA-7E92-0753F90A93A6}.Debug|x64.ActiveCfg = Debug|Any CPU
		{4AB6E605-68BB-D8CA-7E92-0753F90A93A6}.Debug|x64.Build.0 = Debug|Any CPU
		{4AB6E605-68BB-D8CA-7E92-0753F90A93A6}.Debug|x86.ActiveCfg = Debug|Any CPU
		{4AB6E605-68BB-D8CA-7E92-0753F90A93A6}.Debug|x86.Build.0 = Debug|Any CPU
		{4AB6E605-68BB-D8CA-7E92-0753F90A93A6}.DebugLocal|Any CPU.ActiveCfg = Debug|Any CPU
		{4AB6E605-68BB-D8CA-7E92-0753F90A93A6}.DebugLocal|Any CPU.Build.0 = Debug|Any CPU
		{4AB6E605-68BB-D8CA-7E92-0753F90A93A6}.DebugLocal|x64.ActiveCfg = Debug|Any CPU
		{4AB6E605-68BB-D8CA-7E92-0753F90A93A6}.DebugLocal|x64.Build.0 = Debug|Any CPU
		{4AB6E605-68BB-D8CA-7E92-0753F90A93A6}.DebugLocal|x86.ActiveCfg = Debug|Any CPU
		{4AB6E605-68BB-D8CA-7E92-0753F90A93A6}.DebugLocal|x86.Build.0 = Debug|Any CPU
		{4AB6E605-68BB-D8CA-7E92-0753F90A93A6}.Release|Any CPU.ActiveCfg = Release|Any CPU
		{4AB6E605-68BB-D8CA-7E92-0753F90A93A6}.Release|Any CPU.Build.0 = Release|Any CPU
		{4AB6E605-68BB-D8CA-7E92-0753F90A93A6}.Release|x64.ActiveCfg = Release|Any CPU
		{4AB6E605-68BB-D8CA-7E92-0753F90A93A6}.Release|x64.Build.0 = Release|Any CPU
		{4AB6E605-68BB-D8CA-7E92-0753F90A93A6}.Release|x86.ActiveCfg = Release|Any CPU
		{4AB6E605-68BB-D8CA-7E92-0753F90A93A6}.Release|x86.Build.0 = Release|Any CPU
		{DF33225A-EF75-04FC-A41D-ED6C546912FD}.Debug|Any CPU.ActiveCfg = Debug|Any CPU
		{DF33225A-EF75-04FC-A41D-ED6C546912FD}.Debug|Any CPU.Build.0 = Debug|Any CPU
		{DF33225A-EF75-04FC-A41D-ED6C546912FD}.Debug|x64.ActiveCfg = Debug|Any CPU
		{DF33225A-EF75-04FC-A41D-ED6C546912FD}.Debug|x64.Build.0 = Debug|Any CPU
		{DF33225A-EF75-04FC-A41D-ED6C546912FD}.Debug|x86.ActiveCfg = Debug|Any CPU
		{DF33225A-EF75-04FC-A41D-ED6C546912FD}.Debug|x86.Build.0 = Debug|Any CPU
		{DF33225A-EF75-04FC-A41D-ED6C546912FD}.DebugLocal|Any CPU.ActiveCfg = Debug|Any CPU
		{DF33225A-EF75-04FC-A41D-ED6C546912FD}.DebugLocal|Any CPU.Build.0 = Debug|Any CPU
		{DF33225A-EF75-04FC-A41D-ED6C546912FD}.DebugLocal|x64.ActiveCfg = Debug|Any CPU
		{DF33225A-EF75-04FC-A41D-ED6C546912FD}.DebugLocal|x64.Build.0 = Debug|Any CPU
		{DF33225A-EF75-04FC-A41D-ED6C546912FD}.DebugLocal|x86.ActiveCfg = Debug|Any CPU
		{DF33225A-EF75-04FC-A41D-ED6C546912FD}.DebugLocal|x86.Build.0 = Debug|Any CPU
		{DF33225A-EF75-04FC-A41D-ED6C546912FD}.Release|Any CPU.ActiveCfg = Release|Any CPU
		{DF33225A-EF75-04FC-A41D-ED6C546912FD}.Release|Any CPU.Build.0 = Release|Any CPU
		{DF33225A-EF75-04FC-A41D-ED6C546912FD}.Release|x64.ActiveCfg = Release|Any CPU
		{DF33225A-EF75-04FC-A41D-ED6C546912FD}.Release|x64.Build.0 = Release|Any CPU
		{DF33225A-EF75-04FC-A41D-ED6C546912FD}.Release|x86.ActiveCfg = Release|Any CPU
		{DF33225A-EF75-04FC-A41D-ED6C546912FD}.Release|x86.Build.0 = Release|Any CPU
		{41CC36C2-2F67-AF25-737C-8D1A023E6DE9}.Debug|Any CPU.ActiveCfg = Debug|Any CPU
		{41CC36C2-2F67-AF25-737C-8D1A023E6DE9}.Debug|Any CPU.Build.0 = Debug|Any CPU
		{41CC36C2-2F67-AF25-737C-8D1A023E6DE9}.Debug|x64.ActiveCfg = Debug|Any CPU
		{41CC36C2-2F67-AF25-737C-8D1A023E6DE9}.Debug|x64.Build.0 = Debug|Any CPU
		{41CC36C2-2F67-AF25-737C-8D1A023E6DE9}.Debug|x86.ActiveCfg = Debug|Any CPU
		{41CC36C2-2F67-AF25-737C-8D1A023E6DE9}.Debug|x86.Build.0 = Debug|Any CPU
		{41CC36C2-2F67-AF25-737C-8D1A023E6DE9}.DebugLocal|Any CPU.ActiveCfg = Debug|Any CPU
		{41CC36C2-2F67-AF25-737C-8D1A023E6DE9}.DebugLocal|Any CPU.Build.0 = Debug|Any CPU
		{41CC36C2-2F67-AF25-737C-8D1A023E6DE9}.DebugLocal|x64.ActiveCfg = Debug|Any CPU
		{41CC36C2-2F67-AF25-737C-8D1A023E6DE9}.DebugLocal|x64.Build.0 = Debug|Any CPU
		{41CC36C2-2F67-AF25-737C-8D1A023E6DE9}.DebugLocal|x86.ActiveCfg = Debug|Any CPU
		{41CC36C2-2F67-AF25-737C-8D1A023E6DE9}.DebugLocal|x86.Build.0 = Debug|Any CPU
		{41CC36C2-2F67-AF25-737C-8D1A023E6DE9}.Release|Any CPU.ActiveCfg = Release|Any CPU
		{41CC36C2-2F67-AF25-737C-8D1A023E6DE9}.Release|Any CPU.Build.0 = Release|Any CPU
		{41CC36C2-2F67-AF25-737C-8D1A023E6DE9}.Release|x64.ActiveCfg = Release|Any CPU
		{41CC36C2-2F67-AF25-737C-8D1A023E6DE9}.Release|x64.Build.0 = Release|Any CPU
		{41CC36C2-2F67-AF25-737C-8D1A023E6DE9}.Release|x86.ActiveCfg = Release|Any CPU
		{41CC36C2-2F67-AF25-737C-8D1A023E6DE9}.Release|x86.Build.0 = Release|Any CPU
		{D00DBF2A-5500-88EF-1405-C92EB592EE44}.Debug|Any CPU.ActiveCfg = Debug|Any CPU
		{D00DBF2A-5500-88EF-1405-C92EB592EE44}.Debug|Any CPU.Build.0 = Debug|Any CPU
		{D00DBF2A-5500-88EF-1405-C92EB592EE44}.Debug|x64.ActiveCfg = Debug|Any CPU
		{D00DBF2A-5500-88EF-1405-C92EB592EE44}.Debug|x64.Build.0 = Debug|Any CPU
		{D00DBF2A-5500-88EF-1405-C92EB592EE44}.Debug|x86.ActiveCfg = Debug|Any CPU
		{D00DBF2A-5500-88EF-1405-C92EB592EE44}.Debug|x86.Build.0 = Debug|Any CPU
		{D00DBF2A-5500-88EF-1405-C92EB592EE44}.DebugLocal|Any CPU.ActiveCfg = Debug|Any CPU
		{D00DBF2A-5500-88EF-1405-C92EB592EE44}.DebugLocal|Any CPU.Build.0 = Debug|Any CPU
		{D00DBF2A-5500-88EF-1405-C92EB592EE44}.DebugLocal|x64.ActiveCfg = Debug|Any CPU
		{D00DBF2A-5500-88EF-1405-C92EB592EE44}.DebugLocal|x64.Build.0 = Debug|Any CPU
		{D00DBF2A-5500-88EF-1405-C92EB592EE44}.DebugLocal|x86.ActiveCfg = Debug|Any CPU
		{D00DBF2A-5500-88EF-1405-C92EB592EE44}.DebugLocal|x86.Build.0 = Debug|Any CPU
		{D00DBF2A-5500-88EF-1405-C92EB592EE44}.Release|Any CPU.ActiveCfg = Release|Any CPU
		{D00DBF2A-5500-88EF-1405-C92EB592EE44}.Release|Any CPU.Build.0 = Release|Any CPU
		{D00DBF2A-5500-88EF-1405-C92EB592EE44}.Release|x64.ActiveCfg = Release|Any CPU
		{D00DBF2A-5500-88EF-1405-C92EB592EE44}.Release|x64.Build.0 = Release|Any CPU
		{D00DBF2A-5500-88EF-1405-C92EB592EE44}.Release|x86.ActiveCfg = Release|Any CPU
		{D00DBF2A-5500-88EF-1405-C92EB592EE44}.Release|x86.Build.0 = Release|Any CPU
	EndGlobalSection
	GlobalSection(SolutionProperties) = preSolution
		HideSolutionNode = FALSE
	EndGlobalSection
	GlobalSection(ExtensibilityGlobals) = postSolution
		SolutionGuid = {5608A08B-6ECC-4C0A-83DA-258FAE2B7F15}
	EndGlobalSection
EndGlobal
